// !$*UTF8*$!
{
	archiveVersion = 1;
	classes = {
	};
	objectVersion = 50;
	objects = {

/* Begin PBXBuildFile section */
		45BD0B1D243134DD0073342B /* AppDelegate.swift in Sources */ = {isa = PBXBuildFile; fileRef = 45BD0B1C243134DD0073342B /* AppDelegate.swift */; };
		45BD0B1F243134DD0073342B /* SceneDelegate.swift in Sources */ = {isa = PBXBuildFile; fileRef = 45BD0B1E243134DD0073342B /* SceneDelegate.swift */; };
		45BD0B21243134DD0073342B /* TopAppResultsViewController.swift in Sources */ = {isa = PBXBuildFile; fileRef = 45BD0B20243134DD0073342B /* TopAppResultsViewController.swift */; };
		45BD0B24243134DD0073342B /* Main.storyboard in Resources */ = {isa = PBXBuildFile; fileRef = 45BD0B22243134DD0073342B /* Main.storyboard */; };
		45BD0B26243134DE0073342B /* Assets.xcassets in Resources */ = {isa = PBXBuildFile; fileRef = 45BD0B25243134DE0073342B /* Assets.xcassets */; };
		45BD0B29243134DE0073342B /* LaunchScreen.storyboard in Resources */ = {isa = PBXBuildFile; fileRef = 45BD0B27243134DE0073342B /* LaunchScreen.storyboard */; };
		45BD0B34243134DE0073342B /* TopiOSAppsTests.swift in Sources */ = {isa = PBXBuildFile; fileRef = 45BD0B33243134DE0073342B /* TopiOSAppsTests.swift */; };
		45BD0B3F243134DF0073342B /* TopiOSAppsUITests.swift in Sources */ = {isa = PBXBuildFile; fileRef = 45BD0B3E243134DF0073342B /* TopiOSAppsUITests.swift */; };
		45BD0B4D24313B280073342B /* AppDetailViewController.swift in Sources */ = {isa = PBXBuildFile; fileRef = 45BD0B4C24313B280073342B /* AppDetailViewController.swift */; };
		45BD0B5524317D1E0073342B /* topApps.json in Resources */ = {isa = PBXBuildFile; fileRef = 45BD0B5424317D1E0073342B /* topApps.json */; };
		45BD0B5624317D1E0073342B /* topApps.json in Resources */ = {isa = PBXBuildFile; fileRef = 45BD0B5424317D1E0073342B /* topApps.json */; };
		45BD0B5724317D1E0073342B /* topApps.json in Resources */ = {isa = PBXBuildFile; fileRef = 45BD0B5424317D1E0073342B /* topApps.json */; };
		45BD0B5924317D490073342B /* AppDetailTableViewCell.swift in Sources */ = {isa = PBXBuildFile; fileRef = 45BD0B5824317D480073342B /* AppDetailTableViewCell.swift */; };
		45BD0B5A24317D490073342B /* AppDetailTableViewCell.swift in Sources */ = {isa = PBXBuildFile; fileRef = 45BD0B5824317D480073342B /* AppDetailTableViewCell.swift */; };
		45BD0B5B24317D490073342B /* AppDetailTableViewCell.swift in Sources */ = {isa = PBXBuildFile; fileRef = 45BD0B5824317D480073342B /* AppDetailTableViewCell.swift */; };
		45BD0B5F24317D680073342B /* JsonModelClass.swift in Sources */ = {isa = PBXBuildFile; fileRef = 45BD0B5C24317D680073342B /* JsonModelClass.swift */; };
		45BD0B6024317D680073342B /* JsonModelClass.swift in Sources */ = {isa = PBXBuildFile; fileRef = 45BD0B5C24317D680073342B /* JsonModelClass.swift */; };
		45BD0B6124317D680073342B /* JsonModelClass.swift in Sources */ = {isa = PBXBuildFile; fileRef = 45BD0B5C24317D680073342B /* JsonModelClass.swift */; };
		45BD0B6224317D680073342B /* GetAppCatalog.swift in Sources */ = {isa = PBXBuildFile; fileRef = 45BD0B5D24317D680073342B /* GetAppCatalog.swift */; };
		45BD0B6324317D680073342B /* GetAppCatalog.swift in Sources */ = {isa = PBXBuildFile; fileRef = 45BD0B5D24317D680073342B /* GetAppCatalog.swift */; };
		45BD0B6424317D680073342B /* GetAppCatalog.swift in Sources */ = {isa = PBXBuildFile; fileRef = 45BD0B5D24317D680073342B /* GetAppCatalog.swift */; };
		45BD0B6524317D680073342B /* DownloadData.swift in Sources */ = {isa = PBXBuildFile; fileRef = 45BD0B5E24317D680073342B /* DownloadData.swift */; };
		45BD0B6624317D680073342B /* DownloadData.swift in Sources */ = {isa = PBXBuildFile; fileRef = 45BD0B5E24317D680073342B /* DownloadData.swift */; };
		45BD0B6724317D680073342B /* DownloadData.swift in Sources */ = {isa = PBXBuildFile; fileRef = 45BD0B5E24317D680073342B /* DownloadData.swift */; };
		45BD0B6924318C990073342B /* AppConstants.swift in Sources */ = {isa = PBXBuildFile; fileRef = 45BD0B6824318C990073342B /* AppConstants.swift */; };
		45BD0B6A24318C990073342B /* AppConstants.swift in Sources */ = {isa = PBXBuildFile; fileRef = 45BD0B6824318C990073342B /* AppConstants.swift */; };
		45BD0B6B24318C990073342B /* AppConstants.swift in Sources */ = {isa = PBXBuildFile; fileRef = 45BD0B6824318C990073342B /* AppConstants.swift */; };
		45BD0B6E2431904B0073342B /* ImageExtension.swift in Sources */ = {isa = PBXBuildFile; fileRef = 45BD0B6D2431904B0073342B /* ImageExtension.swift */; };
		45BD0B6F2431904B0073342B /* ImageExtension.swift in Sources */ = {isa = PBXBuildFile; fileRef = 45BD0B6D2431904B0073342B /* ImageExtension.swift */; };
		45BD0B702431904B0073342B /* ImageExtension.swift in Sources */ = {isa = PBXBuildFile; fileRef = 45BD0B6D2431904B0073342B /* ImageExtension.swift */; };
		45BD0B762431C3200073342B /* UIViewControllerExtension.swift in Sources */ = {isa = PBXBuildFile; fileRef = 45BD0B752431C3200073342B /* UIViewControllerExtension.swift */; };
		45BD0B772431C3200073342B /* UIViewControllerExtension.swift in Sources */ = {isa = PBXBuildFile; fileRef = 45BD0B752431C3200073342B /* UIViewControllerExtension.swift */; };
		45BD0B782431C3200073342B /* UIViewControllerExtension.swift in Sources */ = {isa = PBXBuildFile; fileRef = 45BD0B752431C3200073342B /* UIViewControllerExtension.swift */; };
		45BD0B7A24320AD90073342B /* StringExtension.swift in Sources */ = {isa = PBXBuildFile; fileRef = 45BD0B7924320AD90073342B /* StringExtension.swift */; };
		45BD0B7B24320AD90073342B /* StringExtension.swift in Sources */ = {isa = PBXBuildFile; fileRef = 45BD0B7924320AD90073342B /* StringExtension.swift */; };
		45BD0B7C24320AD90073342B /* StringExtension.swift in Sources */ = {isa = PBXBuildFile; fileRef = 45BD0B7924320AD90073342B /* StringExtension.swift */; };
/* End PBXBuildFile section */

/* Begin PBXContainerItemProxy section */
		45BD0B30243134DE0073342B /* PBXContainerItemProxy */ = {
			isa = PBXContainerItemProxy;
			containerPortal = 45BD0B11243134DD0073342B /* Project object */;
			proxyType = 1;
			remoteGlobalIDString = 45BD0B18243134DD0073342B;
			remoteInfo = TopiOSApps;
		};
		45BD0B3B243134DF0073342B /* PBXContainerItemProxy */ = {
			isa = PBXContainerItemProxy;
			containerPortal = 45BD0B11243134DD0073342B /* Project object */;
			proxyType = 1;
			remoteGlobalIDString = 45BD0B18243134DD0073342B;
			remoteInfo = TopiOSApps;
		};
/* End PBXContainerItemProxy section */

/* Begin PBXFileReference section */
		45BD0B19243134DD0073342B /* TopiOSApps.app */ = {isa = PBXFileReference; explicitFileType = wrapper.application; includeInIndex = 0; path = TopiOSApps.app; sourceTree = BUILT_PRODUCTS_DIR; };
		45BD0B1C243134DD0073342B /* AppDelegate.swift */ = {isa = PBXFileReference; lastKnownFileType = sourcecode.swift; path = AppDelegate.swift; sourceTree = "<group>"; };
		45BD0B1E243134DD0073342B /* SceneDelegate.swift */ = {isa = PBXFileReference; lastKnownFileType = sourcecode.swift; path = SceneDelegate.swift; sourceTree = "<group>"; };
		45BD0B20243134DD0073342B /* TopAppResultsViewController.swift */ = {isa = PBXFileReference; lastKnownFileType = sourcecode.swift; path = TopAppResultsViewController.swift; sourceTree = "<group>"; };
		45BD0B23243134DD0073342B /* Base */ = {isa = PBXFileReference; lastKnownFileType = file.storyboard; name = Base; path = Base.lproj/Main.storyboard; sourceTree = "<group>"; };
		45BD0B25243134DE0073342B /* Assets.xcassets */ = {isa = PBXFileReference; lastKnownFileType = folder.assetcatalog; path = Assets.xcassets; sourceTree = "<group>"; };
		45BD0B28243134DE0073342B /* Base */ = {isa = PBXFileReference; lastKnownFileType = file.storyboard; name = Base; path = Base.lproj/LaunchScreen.storyboard; sourceTree = "<group>"; };
		45BD0B2A243134DE0073342B /* Info.plist */ = {isa = PBXFileReference; lastKnownFileType = text.plist.xml; path = Info.plist; sourceTree = "<group>"; };
		45BD0B2F243134DE0073342B /* TopiOSAppsTests.xctest */ = {isa = PBXFileReference; explicitFileType = wrapper.cfbundle; includeInIndex = 0; path = TopiOSAppsTests.xctest; sourceTree = BUILT_PRODUCTS_DIR; };
		45BD0B33243134DE0073342B /* TopiOSAppsTests.swift */ = {isa = PBXFileReference; lastKnownFileType = sourcecode.swift; path = TopiOSAppsTests.swift; sourceTree = "<group>"; };
		45BD0B35243134DE0073342B /* Info.plist */ = {isa = PBXFileReference; lastKnownFileType = text.plist.xml; path = Info.plist; sourceTree = "<group>"; };
		45BD0B3A243134DF0073342B /* TopiOSAppsUITests.xctest */ = {isa = PBXFileReference; explicitFileType = wrapper.cfbundle; includeInIndex = 0; path = TopiOSAppsUITests.xctest; sourceTree = BUILT_PRODUCTS_DIR; };
		45BD0B3E243134DF0073342B /* TopiOSAppsUITests.swift */ = {isa = PBXFileReference; lastKnownFileType = sourcecode.swift; path = TopiOSAppsUITests.swift; sourceTree = "<group>"; };
		45BD0B40243134DF0073342B /* Info.plist */ = {isa = PBXFileReference; lastKnownFileType = text.plist.xml; path = Info.plist; sourceTree = "<group>"; };
		45BD0B4C24313B280073342B /* AppDetailViewController.swift */ = {isa = PBXFileReference; lastKnownFileType = sourcecode.swift; path = AppDetailViewController.swift; sourceTree = "<group>"; };
		45BD0B5424317D1E0073342B /* topApps.json */ = {isa = PBXFileReference; fileEncoding = 4; lastKnownFileType = text.json; path = topApps.json; sourceTree = "<group>"; };
		45BD0B5824317D480073342B /* AppDetailTableViewCell.swift */ = {isa = PBXFileReference; fileEncoding = 4; lastKnownFileType = sourcecode.swift; path = AppDetailTableViewCell.swift; sourceTree = "<group>"; };
		45BD0B5C24317D680073342B /* JsonModelClass.swift */ = {isa = PBXFileReference; fileEncoding = 4; lastKnownFileType = sourcecode.swift; path = JsonModelClass.swift; sourceTree = "<group>"; };
		45BD0B5D24317D680073342B /* GetAppCatalog.swift */ = {isa = PBXFileReference; fileEncoding = 4; lastKnownFileType = sourcecode.swift; path = GetAppCatalog.swift; sourceTree = "<group>"; };
		45BD0B5E24317D680073342B /* DownloadData.swift */ = {isa = PBXFileReference; fileEncoding = 4; lastKnownFileType = sourcecode.swift; path = DownloadData.swift; sourceTree = "<group>"; };
		45BD0B6824318C990073342B /* AppConstants.swift */ = {isa = PBXFileReference; lastKnownFileType = sourcecode.swift; path = AppConstants.swift; sourceTree = "<group>"; };
		45BD0B6D2431904B0073342B /* ImageExtension.swift */ = {isa = PBXFileReference; lastKnownFileType = sourcecode.swift; path = ImageExtension.swift; sourceTree = "<group>"; };
		45BD0B752431C3200073342B /* UIViewControllerExtension.swift */ = {isa = PBXFileReference; lastKnownFileType = sourcecode.swift; path = UIViewControllerExtension.swift; sourceTree = "<group>"; };
		45BD0B7924320AD90073342B /* StringExtension.swift */ = {isa = PBXFileReference; lastKnownFileType = sourcecode.swift; path = StringExtension.swift; sourceTree = "<group>"; };
/* End PBXFileReference section */

/* Begin PBXFrameworksBuildPhase section */
		45BD0B16243134DD0073342B /* Frameworks */ = {
			isa = PBXFrameworksBuildPhase;
			buildActionMask = 2147483647;
			files = (
			);
			runOnlyForDeploymentPostprocessing = 0;
		};
		45BD0B2C243134DE0073342B /* Frameworks */ = {
			isa = PBXFrameworksBuildPhase;
			buildActionMask = 2147483647;
			files = (
			);
			runOnlyForDeploymentPostprocessing = 0;
		};
		45BD0B37243134DF0073342B /* Frameworks */ = {
			isa = PBXFrameworksBuildPhase;
			buildActionMask = 2147483647;
			files = (
			);
			runOnlyForDeploymentPostprocessing = 0;
		};
/* End PBXFrameworksBuildPhase section */

/* Begin PBXGroup section */
		4573912824328D3D008A75A7 /* Misc */ = {
			isa = PBXGroup;
			children = (
				45BD0B6824318C990073342B /* AppConstants.swift */,
			);
			path = Misc;
			sourceTree = "<group>";
		};
		45BD0B10243134DD0073342B = {
			isa = PBXGroup;
			children = (
				45BD0B1B243134DD0073342B /* TopiOSApps */,
				45BD0B32243134DE0073342B /* TopiOSAppsTests */,
				45BD0B3D243134DF0073342B /* TopiOSAppsUITests */,
				45BD0B1A243134DD0073342B /* Products */,
			);
			sourceTree = "<group>";
		};
		45BD0B1A243134DD0073342B /* Products */ = {
			isa = PBXGroup;
			children = (
				45BD0B19243134DD0073342B /* TopiOSApps.app */,
				45BD0B2F243134DE0073342B /* TopiOSAppsTests.xctest */,
				45BD0B3A243134DF0073342B /* TopiOSAppsUITests.xctest */,
			);
			name = Products;
			sourceTree = "<group>";
		};
		45BD0B1B243134DD0073342B /* TopiOSApps */ = {
			isa = PBXGroup;
			children = (
				45BD0B5024317C940073342B /* Model */,
				45BD0B5124317C9E0073342B /* View */,
				45BD0B5224317CA40073342B /* Controller */,
				45BD0B6C24318FDD0073342B /* Extension */,
				4573912824328D3D008A75A7 /* Misc */,
				45BD0B5324317CDC0073342B /* Resources */,
				45BD0B2A243134DE0073342B /* Info.plist */,
			);
			path = TopiOSApps;
			sourceTree = "<group>";
		};
		45BD0B32243134DE0073342B /* TopiOSAppsTests */ = {
			isa = PBXGroup;
			children = (
				45BD0B33243134DE0073342B /* TopiOSAppsTests.swift */,
				45BD0B35243134DE0073342B /* Info.plist */,
			);
			path = TopiOSAppsTests;
			sourceTree = "<group>";
		};
		45BD0B3D243134DF0073342B /* TopiOSAppsUITests */ = {
			isa = PBXGroup;
			children = (
				45BD0B3E243134DF0073342B /* TopiOSAppsUITests.swift */,
				45BD0B40243134DF0073342B /* Info.plist */,
			);
			path = TopiOSAppsUITests;
			sourceTree = "<group>";
		};
		45BD0B5024317C940073342B /* Model */ = {
			isa = PBXGroup;
			children = (
				45BD0B5E24317D680073342B /* DownloadData.swift */,
				45BD0B5C24317D680073342B /* JsonModelClass.swift */,
				45BD0B5D24317D680073342B /* GetAppCatalog.swift */,
			);
			path = Model;
			sourceTree = "<group>";
		};
		45BD0B5124317C9E0073342B /* View */ = {
			isa = PBXGroup;
			children = (
				45BD0B27243134DE0073342B /* LaunchScreen.storyboard */,
				45BD0B22243134DD0073342B /* Main.storyboard */,
				45BD0B5824317D480073342B /* AppDetailTableViewCell.swift */,
			);
			path = View;
			sourceTree = "<group>";
		};
		45BD0B5224317CA40073342B /* Controller */ = {
			isa = PBXGroup;
			children = (
				45BD0B1C243134DD0073342B /* AppDelegate.swift */,
				45BD0B1E243134DD0073342B /* SceneDelegate.swift */,
				45BD0B20243134DD0073342B /* TopAppResultsViewController.swift */,
				45BD0B4C24313B280073342B /* AppDetailViewController.swift */,
			);
			path = Controller;
			sourceTree = "<group>";
		};
		45BD0B5324317CDC0073342B /* Resources */ = {
			isa = PBXGroup;
			children = (
				45BD0B5424317D1E0073342B /* topApps.json */,
				45BD0B25243134DE0073342B /* Assets.xcassets */,
			);
			path = Resources;
			sourceTree = "<group>";
		};
		45BD0B6C24318FDD0073342B /* Extension */ = {
			isa = PBXGroup;
			children = (
				45BD0B6D2431904B0073342B /* ImageExtension.swift */,
				45BD0B752431C3200073342B /* UIViewControllerExtension.swift */,
				45BD0B7924320AD90073342B /* StringExtension.swift */,
			);
			path = Extension;
			sourceTree = "<group>";
		};
/* End PBXGroup section */

/* Begin PBXNativeTarget section */
		45BD0B18243134DD0073342B /* TopiOSApps */ = {
			isa = PBXNativeTarget;
			buildConfigurationList = 45BD0B43243134DF0073342B /* Build configuration list for PBXNativeTarget "TopiOSApps" */;
			buildPhases = (
				45BD0B15243134DD0073342B /* Sources */,
				45BD0B16243134DD0073342B /* Frameworks */,
				45BD0B17243134DD0073342B /* Resources */,
			);
			buildRules = (
			);
			dependencies = (
			);
			name = TopiOSApps;
			productName = TopiOSApps;
			productReference = 45BD0B19243134DD0073342B /* TopiOSApps.app */;
			productType = "com.apple.product-type.application";
		};
		45BD0B2E243134DE0073342B /* TopiOSAppsTests */ = {
			isa = PBXNativeTarget;
			buildConfigurationList = 45BD0B46243134DF0073342B /* Build configuration list for PBXNativeTarget "TopiOSAppsTests" */;
			buildPhases = (
				45BD0B2B243134DE0073342B /* Sources */,
				45BD0B2C243134DE0073342B /* Frameworks */,
				45BD0B2D243134DE0073342B /* Resources */,
			);
			buildRules = (
			);
			dependencies = (
				45BD0B31243134DE0073342B /* PBXTargetDependency */,
			);
			name = TopiOSAppsTests;
			productName = TopiOSAppsTests;
			productReference = 45BD0B2F243134DE0073342B /* TopiOSAppsTests.xctest */;
			productType = "com.apple.product-type.bundle.unit-test";
		};
		45BD0B39243134DF0073342B /* TopiOSAppsUITests */ = {
			isa = PBXNativeTarget;
			buildConfigurationList = 45BD0B49243134DF0073342B /* Build configuration list for PBXNativeTarget "TopiOSAppsUITests" */;
			buildPhases = (
				45BD0B36243134DF0073342B /* Sources */,
				45BD0B37243134DF0073342B /* Frameworks */,
				45BD0B38243134DF0073342B /* Resources */,
			);
			buildRules = (
			);
			dependencies = (
				45BD0B3C243134DF0073342B /* PBXTargetDependency */,
			);
			name = TopiOSAppsUITests;
			productName = TopiOSAppsUITests;
			productReference = 45BD0B3A243134DF0073342B /* TopiOSAppsUITests.xctest */;
			productType = "com.apple.product-type.bundle.ui-testing";
		};
/* End PBXNativeTarget section */

/* Begin PBXProject section */
		45BD0B11243134DD0073342B /* Project object */ = {
			isa = PBXProject;
			attributes = {
				LastSwiftUpdateCheck = 1120;
				LastUpgradeCheck = 1120;
				ORGANIZATIONNAME = "duraiamuthan harikrishnan";
				TargetAttributes = {
					45BD0B18243134DD0073342B = {
						CreatedOnToolsVersion = 11.2.1;
					};
					45BD0B2E243134DE0073342B = {
						CreatedOnToolsVersion = 11.2.1;
						TestTargetID = 45BD0B18243134DD0073342B;
					};
					45BD0B39243134DF0073342B = {
						CreatedOnToolsVersion = 11.2.1;
						TestTargetID = 45BD0B18243134DD0073342B;
					};
				};
			};
			buildConfigurationList = 45BD0B14243134DD0073342B /* Build configuration list for PBXProject "TopiOSApps" */;
			compatibilityVersion = "Xcode 9.3";
			developmentRegion = en;
			hasScannedForEncodings = 0;
			knownRegions = (
				en,
				Base,
			);
			mainGroup = 45BD0B10243134DD0073342B;
			productRefGroup = 45BD0B1A243134DD0073342B /* Products */;
			projectDirPath = "";
			projectRoot = "";
			targets = (
				45BD0B18243134DD0073342B /* TopiOSApps */,
				45BD0B2E243134DE0073342B /* TopiOSAppsTests */,
				45BD0B39243134DF0073342B /* TopiOSAppsUITests */,
			);
		};
/* End PBXProject section */

/* Begin PBXResourcesBuildPhase section */
		45BD0B17243134DD0073342B /* Resources */ = {
			isa = PBXResourcesBuildPhase;
			buildActionMask = 2147483647;
			files = (
				45BD0B29243134DE0073342B /* LaunchScreen.storyboard in Resources */,
				45BD0B26243134DE0073342B /* Assets.xcassets in Resources */,
				45BD0B24243134DD0073342B /* Main.storyboard in Resources */,
				45BD0B5524317D1E0073342B /* topApps.json in Resources */,
			);
			runOnlyForDeploymentPostprocessing = 0;
		};
		45BD0B2D243134DE0073342B /* Resources */ = {
			isa = PBXResourcesBuildPhase;
			buildActionMask = 2147483647;
			files = (
				45BD0B5624317D1E0073342B /* topApps.json in Resources */,
			);
			runOnlyForDeploymentPostprocessing = 0;
		};
		45BD0B38243134DF0073342B /* Resources */ = {
			isa = PBXResourcesBuildPhase;
			buildActionMask = 2147483647;
			files = (
				45BD0B5724317D1E0073342B /* topApps.json in Resources */,
			);
			runOnlyForDeploymentPostprocessing = 0;
		};
/* End PBXResourcesBuildPhase section */

/* Begin PBXSourcesBuildPhase section */
		45BD0B15243134DD0073342B /* Sources */ = {
			isa = PBXSourcesBuildPhase;
			buildActionMask = 2147483647;
			files = (
				45BD0B5F24317D680073342B /* JsonModelClass.swift in Sources */,
				45BD0B7A24320AD90073342B /* StringExtension.swift in Sources */,
				45BD0B6924318C990073342B /* AppConstants.swift in Sources */,
				45BD0B21243134DD0073342B /* TopAppResultsViewController.swift in Sources */,
				45BD0B6E2431904B0073342B /* ImageExtension.swift in Sources */,
				45BD0B1D243134DD0073342B /* AppDelegate.swift in Sources */,
				45BD0B5924317D490073342B /* AppDetailTableViewCell.swift in Sources */,
				45BD0B1F243134DD0073342B /* SceneDelegate.swift in Sources */,
				45BD0B4D24313B280073342B /* AppDetailViewController.swift in Sources */,
				45BD0B6224317D680073342B /* GetAppCatalog.swift in Sources */,
				45BD0B762431C3200073342B /* UIViewControllerExtension.swift in Sources */,
				45BD0B6524317D680073342B /* DownloadData.swift in Sources */,
			);
			runOnlyForDeploymentPostprocessing = 0;
		};
		45BD0B2B243134DE0073342B /* Sources */ = {
			isa = PBXSourcesBuildPhase;
			buildActionMask = 2147483647;
			files = (
				45BD0B6024317D680073342B /* JsonModelClass.swift in Sources */,
				45BD0B6A24318C990073342B /* AppConstants.swift in Sources */,
				45BD0B6624317D680073342B /* DownloadData.swift in Sources */,
				45BD0B6F2431904B0073342B /* ImageExtension.swift in Sources */,
				45BD0B5A24317D490073342B /* AppDetailTableViewCell.swift in Sources */,
				45BD0B772431C3200073342B /* UIViewControllerExtension.swift in Sources */,
				45BD0B6324317D680073342B /* GetAppCatalog.swift in Sources */,
				45BD0B7B24320AD90073342B /* StringExtension.swift in Sources */,
				45BD0B34243134DE0073342B /* TopiOSAppsTests.swift in Sources */,
			);
			runOnlyForDeploymentPostprocessing = 0;
		};
		45BD0B36243134DF0073342B /* Sources */ = {
			isa = PBXSourcesBuildPhase;
			buildActionMask = 2147483647;
			files = (
				45BD0B6124317D680073342B /* JsonModelClass.swift in Sources */,
				45BD0B6B24318C990073342B /* AppConstants.swift in Sources */,
				45BD0B6724317D680073342B /* DownloadData.swift in Sources */,
				45BD0B702431904B0073342B /* ImageExtension.swift in Sources */,
				45BD0B5B24317D490073342B /* AppDetailTableViewCell.swift in Sources */,
				45BD0B782431C3200073342B /* UIViewControllerExtension.swift in Sources */,
				45BD0B6424317D680073342B /* GetAppCatalog.swift in Sources */,
				45BD0B7C24320AD90073342B /* StringExtension.swift in Sources */,
				45BD0B3F243134DF0073342B /* TopiOSAppsUITests.swift in Sources */,
			);
			runOnlyForDeploymentPostprocessing = 0;
		};
/* End PBXSourcesBuildPhase section */

/* Begin PBXTargetDependency section */
		45BD0B31243134DE0073342B /* PBXTargetDependency */ = {
			isa = PBXTargetDependency;
			target = 45BD0B18243134DD0073342B /* TopiOSApps */;
			targetProxy = 45BD0B30243134DE0073342B /* PBXContainerItemProxy */;
		};
		45BD0B3C243134DF0073342B /* PBXTargetDependency */ = {
			isa = PBXTargetDependency;
			target = 45BD0B18243134DD0073342B /* TopiOSApps */;
			targetProxy = 45BD0B3B243134DF0073342B /* PBXContainerItemProxy */;
		};
/* End PBXTargetDependency section */

/* Begin PBXVariantGroup section */
		45BD0B22243134DD0073342B /* Main.storyboard */ = {
			isa = PBXVariantGroup;
			children = (
				45BD0B23243134DD0073342B /* Base */,
			);
			name = Main.storyboard;
			sourceTree = "<group>";
		};
		45BD0B27243134DE0073342B /* LaunchScreen.storyboard */ = {
			isa = PBXVariantGroup;
			children = (
				45BD0B28243134DE0073342B /* Base */,
			);
			name = LaunchScreen.storyboard;
			sourceTree = "<group>";
		};
/* End PBXVariantGroup section */

/* Begin XCBuildConfiguration section */
		45BD0B41243134DF0073342B /* Debug */ = {
			isa = XCBuildConfiguration;
			buildSettings = {
				ALWAYS_SEARCH_USER_PATHS = NO;
				CLANG_ANALYZER_NONNULL = YES;
				CLANG_ANALYZER_NUMBER_OBJECT_CONVERSION = YES_AGGRESSIVE;
				CLANG_CXX_LANGUAGE_STANDARD = "gnu++14";
				CLANG_CXX_LIBRARY = "libc++";
				CLANG_ENABLE_MODULES = YES;
				CLANG_ENABLE_OBJC_ARC = YES;
				CLANG_ENABLE_OBJC_WEAK = YES;
				CLANG_WARN_BLOCK_CAPTURE_AUTORELEASING = YES;
				CLANG_WARN_BOOL_CONVERSION = YES;
				CLANG_WARN_COMMA = YES;
				CLANG_WARN_CONSTANT_CONVERSION = YES;
				CLANG_WARN_DEPRECATED_OBJC_IMPLEMENTATIONS = YES;
				CLANG_WARN_DIRECT_OBJC_ISA_USAGE = YES_ERROR;
				CLANG_WARN_DOCUMENTATION_COMMENTS = YES;
				CLANG_WARN_EMPTY_BODY = YES;
				CLANG_WARN_ENUM_CONVERSION = YES;
				CLANG_WARN_INFINITE_RECURSION = YES;
				CLANG_WARN_INT_CONVERSION = YES;
				CLANG_WARN_NON_LITERAL_NULL_CONVERSION = YES;
				CLANG_WARN_OBJC_IMPLICIT_RETAIN_SELF = YES;
				CLANG_WARN_OBJC_LITERAL_CONVERSION = YES;
				CLANG_WARN_OBJC_ROOT_CLASS = YES_ERROR;
				CLANG_WARN_RANGE_LOOP_ANALYSIS = YES;
				CLANG_WARN_STRICT_PROTOTYPES = YES;
				CLANG_WARN_SUSPICIOUS_MOVE = YES;
				CLANG_WARN_UNGUARDED_AVAILABILITY = YES_AGGRESSIVE;
				CLANG_WARN_UNREACHABLE_CODE = YES;
				CLANG_WARN__DUPLICATE_METHOD_MATCH = YES;
				COPY_PHASE_STRIP = NO;
				DEBUG_INFORMATION_FORMAT = dwarf;
				ENABLE_STRICT_OBJC_MSGSEND = YES;
				ENABLE_TESTABILITY = YES;
				GCC_C_LANGUAGE_STANDARD = gnu11;
				GCC_DYNAMIC_NO_PIC = NO;
				GCC_NO_COMMON_BLOCKS = YES;
				GCC_OPTIMIZATION_LEVEL = 0;
				GCC_PREPROCESSOR_DEFINITIONS = (
					"DEBUG=1",
					"$(inherited)",
				);
				GCC_WARN_64_TO_32_BIT_CONVERSION = YES;
				GCC_WARN_ABOUT_RETURN_TYPE = YES_ERROR;
				GCC_WARN_UNDECLARED_SELECTOR = YES;
				GCC_WARN_UNINITIALIZED_AUTOS = YES_AGGRESSIVE;
				GCC_WARN_UNUSED_FUNCTION = YES;
				GCC_WARN_UNUSED_VARIABLE = YES;
				IPHONEOS_DEPLOYMENT_TARGET = 13.2;
				MTL_ENABLE_DEBUG_INFO = INCLUDE_SOURCE;
				MTL_FAST_MATH = YES;
				ONLY_ACTIVE_ARCH = YES;
				SDKROOT = iphoneos;
				SWIFT_ACTIVE_COMPILATION_CONDITIONS = DEBUG;
				SWIFT_OPTIMIZATION_LEVEL = "-Onone";
			};
			name = Debug;
		};
		45BD0B42243134DF0073342B /* Release */ = {
			isa = XCBuildConfiguration;
			buildSettings = {
				ALWAYS_SEARCH_USER_PATHS = NO;
				CLANG_ANALYZER_NONNULL = YES;
				CLANG_ANALYZER_NUMBER_OBJECT_CONVERSION = YES_AGGRESSIVE;
				CLANG_CXX_LANGUAGE_STANDARD = "gnu++14";
				CLANG_CXX_LIBRARY = "libc++";
				CLANG_ENABLE_MODULES = YES;
				CLANG_ENABLE_OBJC_ARC = YES;
				CLANG_ENABLE_OBJC_WEAK = YES;
				CLANG_WARN_BLOCK_CAPTURE_AUTORELEASING = YES;
				CLANG_WARN_BOOL_CONVERSION = YES;
				CLANG_WARN_COMMA = YES;
				CLANG_WARN_CONSTANT_CONVERSION = YES;
				CLANG_WARN_DEPRECATED_OBJC_IMPLEMENTATIONS = YES;
				CLANG_WARN_DIRECT_OBJC_ISA_USAGE = YES_ERROR;
				CLANG_WARN_DOCUMENTATION_COMMENTS = YES;
				CLANG_WARN_EMPTY_BODY = YES;
				CLANG_WARN_ENUM_CONVERSION = YES;
				CLANG_WARN_INFINITE_RECURSION = YES;
				CLANG_WARN_INT_CONVERSION = YES;
				CLANG_WARN_NON_LITERAL_NULL_CONVERSION = YES;
				CLANG_WARN_OBJC_IMPLICIT_RETAIN_SELF = YES;
				CLANG_WARN_OBJC_LITERAL_CONVERSION = YES;
				CLANG_WARN_OBJC_ROOT_CLASS = YES_ERROR;
				CLANG_WARN_RANGE_LOOP_ANALYSIS = YES;
				CLANG_WARN_STRICT_PROTOTYPES = YES;
				CLANG_WARN_SUSPICIOUS_MOVE = YES;
				CLANG_WARN_UNGUARDED_AVAILABILITY = YES_AGGRESSIVE;
				CLANG_WARN_UNREACHABLE_CODE = YES;
				CLANG_WARN__DUPLICATE_METHOD_MATCH = YES;
				COPY_PHASE_STRIP = NO;
				DEBUG_INFORMATION_FORMAT = "dwarf-with-dsym";
				ENABLE_NS_ASSERTIONS = NO;
				ENABLE_STRICT_OBJC_MSGSEND = YES;
				GCC_C_LANGUAGE_STANDARD = gnu11;
				GCC_NO_COMMON_BLOCKS = YES;
				GCC_WARN_64_TO_32_BIT_CONVERSION = YES;
				GCC_WARN_ABOUT_RETURN_TYPE = YES_ERROR;
				GCC_WARN_UNDECLARED_SELECTOR = YES;
				GCC_WARN_UNINITIALIZED_AUTOS = YES_AGGRESSIVE;
				GCC_WARN_UNUSED_FUNCTION = YES;
				GCC_WARN_UNUSED_VARIABLE = YES;
				IPHONEOS_DEPLOYMENT_TARGET = 13.2;
				MTL_ENABLE_DEBUG_INFO = NO;
				MTL_FAST_MATH = YES;
				SDKROOT = iphoneos;
				SWIFT_COMPILATION_MODE = wholemodule;
				SWIFT_OPTIMIZATION_LEVEL = "-O";
				VALIDATE_PRODUCT = YES;
			};
			name = Release;
		};
		45BD0B44243134DF0073342B /* Debug */ = {
			isa = XCBuildConfiguration;
			buildSettings = {
				ASSETCATALOG_COMPILER_APPICON_NAME = AppIcon;
				CODE_SIGN_STYLE = Automatic;
				INFOPLIST_FILE = TopiOSApps/Info.plist;
				LD_RUNPATH_SEARCH_PATHS = (
					"$(inherited)",
					"@executable_path/Frameworks",
				);
				PRODUCT_BUNDLE_IDENTIFIER = com.test.TopiOSApps;
				PRODUCT_NAME = "$(TARGET_NAME)";
				SWIFT_VERSION = 5.0;
				TARGETED_DEVICE_FAMILY = "1,2";
			};
			name = Debug;
		};
		45BD0B45243134DF0073342B /* Release */ = {
			isa = XCBuildConfiguration;
			buildSettings = {
				ASSETCATALOG_COMPILER_APPICON_NAME = AppIcon;
				CODE_SIGN_STYLE = Automatic;
				INFOPLIST_FILE = TopiOSApps/Info.plist;
				LD_RUNPATH_SEARCH_PATHS = (
					"$(inherited)",
					"@executable_path/Frameworks",
				);
				PRODUCT_BUNDLE_IDENTIFIER = com.test.TopiOSApps;
				PRODUCT_NAME = "$(TARGET_NAME)";
				SWIFT_VERSION = 5.0;
				TARGETED_DEVICE_FAMILY = "1,2";
			};
			name = Release;
		};
		45BD0B47243134DF0073342B /* Debug */ = {
			isa = XCBuildConfiguration;
			buildSettings = {
				ALWAYS_EMBED_SWIFT_STANDARD_LIBRARIES = YES;
				BUNDLE_LOADER = "$(TEST_HOST)";
				CODE_SIGN_STYLE = Automatic;
				INFOPLIST_FILE = TopiOSAppsTests/Info.plist;
				IPHONEOS_DEPLOYMENT_TARGET = 13.2;
				LD_RUNPATH_SEARCH_PATHS = (
					"$(inherited)",
					"@executable_path/Frameworks",
					"@loader_path/Frameworks",
				);
				PRODUCT_BUNDLE_IDENTIFIER = com.test.TopiOSAppsTests;
				PRODUCT_NAME = "$(TARGET_NAME)";
				SWIFT_VERSION = 5.0;
				TARGETED_DEVICE_FAMILY = "1,2";
				TEST_HOST = "$(BUILT_PRODUCTS_DIR)/TopiOSApps.app/TopiOSApps";
			};
			name = Debug;
		};
		45BD0B48243134DF0073342B /* Release */ = {
			isa = XCBuildConfiguration;
			buildSettings = {
				ALWAYS_EMBED_SWIFT_STANDARD_LIBRARIES = YES;
				BUNDLE_LOADER = "$(TEST_HOST)";
				CODE_SIGN_STYLE = Automatic;
				INFOPLIST_FILE = TopiOSAppsTests/Info.plist;
				IPHONEOS_DEPLOYMENT_TARGET = 13.2;
				LD_RUNPATH_SEARCH_PATHS = (
					"$(inherited)",
					"@executable_path/Frameworks",
					"@loader_path/Frameworks",
				);
				PRODUCT_BUNDLE_IDENTIFIER = com.test.TopiOSAppsTests;
				PRODUCT_NAME = "$(TARGET_NAME)";
				SWIFT_VERSION = 5.0;
				TARGETED_DEVICE_FAMILY = "1,2";
				TEST_HOST = "$(BUILT_PRODUCTS_DIR)/TopiOSApps.app/TopiOSApps";
			};
			name = Release;
		};
		45BD0B4A243134DF0073342B /* Debug */ = {
			isa = XCBuildConfiguration;
			buildSettings = {
				ALWAYS_EMBED_SWIFT_STANDARD_LIBRARIES = YES;
				CODE_SIGN_STYLE = Automatic;
				INFOPLIST_FILE = TopiOSAppsUITests/Info.plist;
				LD_RUNPATH_SEARCH_PATHS = (
					"$(inherited)",
					"@executable_path/Frameworks",
					"@loader_path/Frameworks",
				);
				PRODUCT_BUNDLE_IDENTIFIER = com.test.TopiOSAppsUITests;
				PRODUCT_NAME = "$(TARGET_NAME)";
				SWIFT_VERSION = 5.0;
				TARGETED_DEVICE_FAMILY = "1,2";
				TEST_TARGET_NAME = TopiOSApps;
			};
			name = Debug;
		};
		45BD0B4B243134DF0073342B /* Release */ = {
			isa = XCBuildConfiguration;
			buildSettings = {
				ALWAYS_EMBED_SWIFT_STANDARD_LIBRARIES = YES;
				CODE_SIGN_STYLE = Automatic;
				INFOPLIST_FILE = TopiOSAppsUITests/Info.plist;
				LD_RUNPATH_SEARCH_PATHS = (
					"$(inherited)",
					"@executable_path/Frameworks",
					"@loader_path/Frameworks",
				);
				PRODUCT_BUNDLE_IDENTIFIER = com.test.TopiOSAppsUITests;
				PRODUCT_NAME = "$(TARGET_NAME)";
				SWIFT_VERSION = 5.0;
				TARGETED_DEVICE_FAMILY = "1,2";
				TEST_TARGET_NAME = TopiOSApps;
			};
			name = Release;
		};
/* End XCBuildConfiguration section */

/* Begin XCConfigurationList section */
		45BD0B14243134DD0073342B /* Build configuration list for PBXProject "TopiOSApps" */ = {
			isa = XCConfigurationList;
			buildConfigurations = (
				45BD0B41243134DF0073342B /* Debug */,
				45BD0B42243134DF0073342B /* Release */,
			);
			defaultConfigurationIsVisible = 0;
			defaultConfigurationName = Release;
		};
		45BD0B43243134DF0073342B /* Build configuration list for PBXNativeTarget "TopiOSApps" */ = {
			isa = XCConfigurationList;
			buildConfigurations = (
				45BD0B44243134DF0073342B /* Debug */,
				45BD0B45243134DF0073342B /* Release */,
			);
			defaultConfigurationIsVisible = 0;
			defaultConfigurationName = Release;
		};
		45BD0B46243134DF0073342B /* Build configuration list for PBXNativeTarget "TopiOSAppsTests" */ = {
			isa = XCConfigurationList;
			buildConfigurations = (
				45BD0B47243134DF0073342B /* Debug */,
				45BD0B48243134DF0073342B /* Release */,
			);
			defaultConfigurationIsVisible = 0;
			defaultConfigurationName = Release;
		};
		45BD0B49243134DF0073342B /* Build configuration list for PBXNativeTarget "TopiOSAppsUITests" */ = {
			isa = XCConfigurationList;
			buildConfigurations = (
				45BD0B4A243134DF0073342B /* Debug */,
				45BD0B4B243134DF0073342B /* Release */,
			);
			defaultConfigurationIsVisible = 0;
			defaultConfigurationName = Release;
		};
/* End XCConfigurationList section */
	};
	rootObject = 45BD0B11243134DD0073342B /* Project object */;
}
